Microsoft Visual Studio Solution File, Format Version 11.00
# Visual Studio 2010
Project("{8BC9CEB8-8B4A-11D0-8D11-00A0C91BC942}") = "SimpleRead", "Samples\SimpleRead\SimpleRead.vcxproj", "{BDA3BF24-550A-4BF9-83E5-7B56134EDD40}"
	ProjectSection(ProjectDependencies) = postProject
		{72D595BB-8C52-449B-91DB-0E9F6AEAF53A} = {72D595BB-8C52-449B-91DB-0E9F6AEAF53A}
	EndProjectSection
EndProject
Project("{8BC9CEB8-8B4A-11D0-8D11-00A0C91BC942}") = "OpenNI", "Source\Core\OpenNI.vcxproj", "{72D595BB-8C52-449B-91DB-0E9F6AEAF53A}"
	ProjectSection(ProjectDependencies) = postProject
		{72D595BB-8C52-449B-91DB-0E9F6AEAF5BB} = {72D595BB-8C52-449B-91DB-0E9F6AEAF5BB}
	EndProjectSection
EndProject
Project("{8BC9CEB8-8B4A-11D0-8D11-00A0C91BC942}") = "XnLib", "ThirdParty\PSCommon\XnLib\Source\XnLib.vcxproj", "{72D595BB-8C52-449B-91DB-0E9F6AEAF5BB}"
EndProject
Project("{2150E333-8FDC-42A3-9474-1A3956D46DE8}") = "Samples", "Samples", "{EA8ECD36-D9CB-4860-97A7-2D85E7111E6B}"
EndProject
Project("{8BC9CEB8-8B4A-11D0-8D11-00A0C91BC942}") = "DummyDevice", "Source\Drivers\DummyDevice\DummyDevice.vcxproj", "{B7DE6235-086E-42C6-B5AC-2DC795388ED9}"
	ProjectSection(ProjectDependencies) = postProject
		{72D595BB-8C52-449B-91DB-0E9F6AEAF5BB} = {72D595BB-8C52-449B-91DB-0E9F6AEAF5BB}
	EndProjectSection
EndProject
Project("{8BC9CEB8-8B4A-11D0-8D11-00A0C91BC942}") = "SimpleViewer", "Samples\SimpleViewer\SimpleViewer.vcxproj", "{BDA3BF24-550A-4BF9-83E5-7B56134EED40}"
	ProjectSection(ProjectDependencies) = postProject
		{72D595BB-8C52-449B-91DB-0E9F6AEAF53A} = {72D595BB-8C52-449B-91DB-0E9F6AEAF53A}
	EndProjectSection
EndProject
Project("{2150E333-8FDC-42A3-9474-1A3956D46DE8}") = "Devices", "Devices", "{238D091D-1A85-4A61-9DCD-483768C51804}"
EndProject
Project("{2150E333-8FDC-42A3-9474-1A3956D46DE8}") = "Tools", "Tools", "{20285393-1DB1-4300-8AD3-30AEAE3C5DA6}"
EndProject
Project("{8BC9CEB8-8B4A-11D0-8D11-00A0C91BC942}") = "NiViewer", "Source\Tools\NiViewer\NiViewer.vcxproj", "{BDA3BF24-550A-4BF9-83E5-0056134EED40}"
	ProjectSection(ProjectDependencies) = postProject
		{72D595BB-8C52-449B-91DB-0E9F6AEAF53A} = {72D595BB-8C52-449B-91DB-0E9F6AEAF53A}
		{72D595BB-8C52-449B-91DB-0E9F6AEAF5BB} = {72D595BB-8C52-449B-91DB-0E9F6AEAF5BB}
	EndProjectSection
EndProject
Project("{8BC9CEB8-8B4A-11D0-8D11-00A0C91BC942}") = "MultiDepthViewer", "Samples\MultiDepthViewer\MultiDepthViewer.vcxproj", "{BDA3BF24-550A-FFF9-83E5-7B56134EEE40}"
	ProjectSection(ProjectDependencies) = postProject
		{72D595BB-8C52-449B-91DB-0E9F6AEAF53A} = {72D595BB-8C52-449B-91DB-0E9F6AEAF53A}
	EndProjectSection
EndProject
Project("{8BC9CEB8-8B4A-11D0-8D11-00A0C91BC942}") = "PS1080", "Source\Drivers\PS1080\PS1080.vcxproj", "{9F6652AF-35F2-452E-A2D3-08D05F5C075E}"
	ProjectSection(ProjectDependencies) = postProject
		{72D595BB-8C52-449B-91DB-0E9F6AEABBBB} = {72D595BB-8C52-449B-91DB-0E9F6AEABBBB}
		{72D595BB-8C52-449B-91DB-0E9F6AEAF5BB} = {72D595BB-8C52-449B-91DB-0E9F6AEAF5BB}
	EndProjectSection
EndProject
Project("{8BC9CEB8-8B4A-11D0-8D11-00A0C91BC942}") = "TestDevice", "Source\Drivers\TestDevice\TestDevice.vcxproj", "{31F0F25B-A84A-48AC-9716-5DF9137F3855}"
	ProjectSection(ProjectDependencies) = postProject
		{72D595BB-8C52-449B-91DB-0E9F6AEAF5BB} = {72D595BB-8C52-449B-91DB-0E9F6AEAF5BB}
	EndProjectSection
EndProject
Project("{8BC9CEB8-8B4A-11D0-8D11-00A0C91BC942}") = "OniFile", "Source\Drivers\OniFile\OniFile.vcxproj", "{15ECC029-90DE-4D1D-B00A-4A8E647D8C24}"
	ProjectSection(ProjectDependencies) = postProject
		{72D595BB-8C52-449B-91DB-0E9F6AEAF5BB} = {72D595BB-8C52-449B-91DB-0E9F6AEAF5BB}
	EndProjectSection
EndProject
Project("{8BC9CEB8-8B4A-11D0-8D11-00A0C91BC942}") = "MWClosestPoint", "Samples\MWClosestPoint\MWClosestPoint.vcxproj", "{4B01E59D-CC85-4B2E-B3A2-00F75856CB23}"
	ProjectSection(ProjectDependencies) = postProject
		{72D595BB-8C52-449B-91DB-0E9F6AEAF53A} = {72D595BB-8C52-449B-91DB-0E9F6AEAF53A}
	EndProjectSection
EndProject
Project("{8BC9CEB8-8B4A-11D0-8D11-00A0C91BC942}") = "MWClosestPointApp", "Samples\MWClosestPointApp\MWClosestPointApp.vcxproj", "{A0DB36C9-CE6C-4F61-933C-E53A630D3C7E}"
	ProjectSection(ProjectDependencies) = postProject
		{4B01E59D-CC85-4B2E-B3A2-00F75856CB23} = {4B01E59D-CC85-4B2E-B3A2-00F75856CB23}
	EndProjectSection
EndProject
Project("{8BC9CEB8-8B4A-11D0-8D11-00A0C91BC942}") = "ClosestPointViewer", "Samples\ClosestPointViewer\ClosestPointViewer.vcxproj", "{BDA3BF24-550A-4BF9-83E5-0006134EED40}"
	ProjectSection(ProjectDependencies) = postProject
		{4B01E59D-CC85-4B2E-B3A2-00F75856CB23} = {4B01E59D-CC85-4B2E-B3A2-00F75856CB23}
		{72D595BB-8C52-449B-91DB-0E9F6AEAF53A} = {72D595BB-8C52-449B-91DB-0E9F6AEAF53A}
	EndProjectSection
EndProject
Project("{8BC9CEB8-8B4A-11D0-8D11-00A0C91BC942}") = "EventBasedRead", "Samples\EventBasedRead\EventBasedRead.vcxproj", "{BDA3BF24-5555-4BF9-83E5-7B56134EDD40}"
	ProjectSection(ProjectDependencies) = postProject
		{72D595BB-8C52-449B-91DB-0E9F6AEAF53A} = {72D595BB-8C52-449B-91DB-0E9F6AEAF53A}
	EndProjectSection
EndProject
Project("{8BC9CEB8-8B4A-11D0-8D11-00A0C91BC942}") = "MultipleStreamRead", "Samples\MultipleStreamRead\MultipleStreamRead.vcxproj", "{920D08AC-452C-4326-BC6E-86FE65848587}"
	ProjectSection(ProjectDependencies) = postProject
		{72D595BB-8C52-449B-91DB-0E9F6AEAF53A} = {72D595BB-8C52-449B-91DB-0E9F6AEAF53A}
	EndProjectSection
EndProject
Project("{930C7802-8A8C-48F9-8165-68863BCCD9DD}") = "Install", "Packaging\Install\Install.wixproj", "{BAEB9C48-562C-4D56-A6CD-18932265480A}"
	ProjectSection(ProjectDependencies) = postProject
		{5B74F010-8B79-46B5-B906-C2B56CDB3386} = {5B74F010-8B79-46B5-B906-C2B56CDB3386}
		{D5709FB9-909D-415F-8F86-2F25BEF6CE23} = {D5709FB9-909D-415F-8F86-2F25BEF6CE23}
		{1723CBBA-8EE7-439A-93FB-2E94B4DB2E63} = {1723CBBA-8EE7-439A-93FB-2E94B4DB2E63}
		{E636BACA-795F-41CF-BC52-14C727BF014E} = {E636BACA-795F-41CF-BC52-14C727BF014E}
	EndProjectSection
EndProject
Project("{8BC9CEB8-8B4A-11D0-8D11-00A0C91BC942}") = "Kinect", "Source\Drivers\Kinect\Kinect.vcxproj", "{E636BACA-795F-41CF-BC52-14C727BF014E}"
	ProjectSection(ProjectDependencies) = postProject
		{72D595BB-8C52-449B-91DB-0E9F6AEAF5BB} = {72D595BB-8C52-449B-91DB-0E9F6AEAF5BB}
	EndProjectSection
EndProject
Project("{8BC9CEB8-8B4A-11D0-8D11-00A0C91BC942}") = "DepthUtils", "Source\DepthUtils\DepthUtils.vcxproj", "{72D595BB-8C52-449B-91DB-0E9F6AEABBBB}"
EndProject
Project("{8BC9CEB8-8B4A-11D0-8D11-00A0C91BC942}") = "PSLinkConsole", "Source\Drivers\PSLink\PSLinkConsole\PSLinkConsole.vcxproj", "{D39A4248-3985-41DE-AFD5-AEC58D29291F}"
	ProjectSection(ProjectDependencies) = postProject
		{72D595BB-8C52-449B-91DB-0E9F6AEAF53A} = {72D595BB-8C52-449B-91DB-0E9F6AEAF53A}
		{72D595BB-8C52-449B-91DB-0E9F6AEAF5BB} = {72D595BB-8C52-449B-91DB-0E9F6AEAF5BB}
	EndProjectSection
EndProject
Project("{2150E333-8FDC-42A3-9474-1A3956D46DE8}") = "Wrappers", "Wrappers", "{9FCEE1ED-B0D9-46D7-A014-98FBDD0EF6A9}"
EndProject
Project("{8BC9CEB8-8B4A-11D0-8D11-00A0C91BC942}") = "OpenNI.jni", "Wrappers\java\jni\OpenNI.jni.vcxproj", "{1723CBBA-8EE7-439A-93FB-2E94B4DB2E63}"
	ProjectSection(ProjectDependencies) = postProject
		{72D595BB-8C52-449B-91DB-0E9F6AEAF53A} = {72D595BB-8C52-449B-91DB-0E9F6AEAF53A}
	EndProjectSection
EndProject
Project("{8BC9CEB8-8B4A-11D0-8D11-00A0C91BC942}") = "PS1080Console", "Source\Drivers\PS1080\PS1080Console\PS1080Console.vcxproj", "{D5709FB9-909D-415F-8F86-2F25BEF6CE23}"
	ProjectSection(ProjectDependencies) = postProject
		{9F6652AF-35F2-452E-A2D3-08D05F5C075E} = {9F6652AF-35F2-452E-A2D3-08D05F5C075E}
		{72D595BB-8C52-449B-91DB-0E9F6AEAF53A} = {72D595BB-8C52-449B-91DB-0E9F6AEAF53A}
	EndProjectSection
EndProject
Project("{8BC9CEB8-8B4A-11D0-8D11-00A0C91BC942}") = "PSLink", "Source\Drivers\PSLink\PSLink.vcxproj", "{5B74F010-8B79-46B5-B906-C2B56CDB3386}"
	ProjectSection(ProjectDependencies) = postProject
		{72D595BB-8C52-449B-91DB-0E9F6AEAF5BB} = {72D595BB-8C52-449B-91DB-0E9F6AEAF5BB}
	EndProjectSection
EndProject
Global
	GlobalSection(SolutionConfigurationPlatforms) = preSolution
		Debug|x64 = Debug|x64
		Debug|x86 = Debug|x86
		Release|x64 = Release|x64
		Release|x86 = Release|x86
	EndGlobalSection
	GlobalSection(ProjectConfigurationPlatforms) = postSolution
		{BDA3BF24-550A-4BF9-83E5-7B56134EDD40}.Debug|x64.ActiveCfg = Debug|x64
		{BDA3BF24-550A-4BF9-83E5-7B56134EDD40}.Debug|x64.Build.0 = Debug|x64
		{BDA3BF24-550A-4BF9-83E5-7B56134EDD40}.Debug|x86.ActiveCfg = Debug|Win32
		{BDA3BF24-550A-4BF9-83E5-7B56134EDD40}.Debug|x86.Build.0 = Debug|Win32
		{BDA3BF24-550A-4BF9-83E5-7B56134EDD40}.Release|x64.ActiveCfg = Release|x64
		{BDA3BF24-550A-4BF9-83E5-7B56134EDD40}.Release|x64.Build.0 = Release|x64
		{BDA3BF24-550A-4BF9-83E5-7B56134EDD40}.Release|x86.ActiveCfg = Release|Win32
		{BDA3BF24-550A-4BF9-83E5-7B56134EDD40}.Release|x86.Build.0 = Release|Win32
		{72D595BB-8C52-449B-91DB-0E9F6AEAF53A}.Debug|x64.ActiveCfg = Debug|x64
		{72D595BB-8C52-449B-91DB-0E9F6AEAF53A}.Debug|x64.Build.0 = Debug|x64
		{72D595BB-8C52-449B-91DB-0E9F6AEAF53A}.Debug|x86.ActiveCfg = Debug|Win32
		{72D595BB-8C52-449B-91DB-0E9F6AEAF53A}.Debug|x86.Build.0 = Debug|Win32
		{72D595BB-8C52-449B-91DB-0E9F6AEAF53A}.Release|x64.ActiveCfg = Release|x64
		{72D595BB-8C52-449B-91DB-0E9F6AEAF53A}.Release|x64.Build.0 = Release|x64
		{72D595BB-8C52-449B-91DB-0E9F6AEAF53A}.Release|x86.ActiveCfg = Release|Win32
		{72D595BB-8C52-449B-91DB-0E9F6AEAF53A}.Release|x86.Build.0 = Release|Win32
		{72D595BB-8C52-449B-91DB-0E9F6AEAF5BB}.Debug|x64.ActiveCfg = Debug|x64
		{72D595BB-8C52-449B-91DB-0E9F6AEAF5BB}.Debug|x64.Build.0 = Debug|x64
		{72D595BB-8C52-449B-91DB-0E9F6AEAF5BB}.Debug|x86.ActiveCfg = Debug|Win32
		{72D595BB-8C52-449B-91DB-0E9F6AEAF5BB}.Debug|x86.Build.0 = Debug|Win32
		{72D595BB-8C52-449B-91DB-0E9F6AEAF5BB}.Release|x64.ActiveCfg = Release|x64
		{72D595BB-8C52-449B-91DB-0E9F6AEAF5BB}.Release|x64.Build.0 = Release|x64
		{72D595BB-8C52-449B-91DB-0E9F6AEAF5BB}.Release|x86.ActiveCfg = Release|Win32
		{72D595BB-8C52-449B-91DB-0E9F6AEAF5BB}.Release|x86.Build.0 = Release|Win32
		{B7DE6235-086E-42C6-B5AC-2DC795388ED9}.Debug|x64.ActiveCfg = Debug|x64
		{B7DE6235-086E-42C6-B5AC-2DC795388ED9}.Debug|x64.Build.0 = Debug|x64
		{B7DE6235-086E-42C6-B5AC-2DC795388ED9}.Debug|x86.ActiveCfg = Debug|Win32
		{B7DE6235-086E-42C6-B5AC-2DC795388ED9}.Debug|x86.Build.0 = Debug|Win32
		{B7DE6235-086E-42C6-B5AC-2DC795388ED9}.Release|x64.ActiveCfg = Release|x64
		{B7DE6235-086E-42C6-B5AC-2DC795388ED9}.Release|x64.Build.0 = Release|x64
		{B7DE6235-086E-42C6-B5AC-2DC795388ED9}.Release|x86.ActiveCfg = Release|Win32
		{B7DE6235-086E-42C6-B5AC-2DC795388ED9}.Release|x86.Build.0 = Release|Win32
		{BDA3BF24-550A-4BF9-83E5-7B56134EED40}.Debug|x64.ActiveCfg = Debug|x64
		{BDA3BF24-550A-4BF9-83E5-7B56134EED40}.Debug|x64.Build.0 = Debug|x64
		{BDA3BF24-550A-4BF9-83E5-7B56134EED40}.Debug|x86.ActiveCfg = Debug|Win32
		{BDA3BF24-550A-4BF9-83E5-7B56134EED40}.Debug|x86.Build.0 = Debug|Win32
		{BDA3BF24-550A-4BF9-83E5-7B56134EED40}.Release|x64.ActiveCfg = Release|x64
		{BDA3BF24-550A-4BF9-83E5-7B56134EED40}.Release|x64.Build.0 = Release|x64
		{BDA3BF24-550A-4BF9-83E5-7B56134EED40}.Release|x86.ActiveCfg = Release|Win32
		{BDA3BF24-550A-4BF9-83E5-7B56134EED40}.Release|x86.Build.0 = Release|Win32
		{BDA3BF24-550A-4BF9-83E5-0056134EED40}.Debug|x64.ActiveCfg = Debug|x64
		{BDA3BF24-550A-4BF9-83E5-0056134EED40}.Debug|x64.Build.0 = Debug|x64
		{BDA3BF24-550A-4BF9-83E5-0056134EED40}.Debug|x86.ActiveCfg = Debug|Win32
		{BDA3BF24-550A-4BF9-83E5-0056134EED40}.Debug|x86.Build.0 = Debug|Win32
		{BDA3BF24-550A-4BF9-83E5-0056134EED40}.Release|x64.ActiveCfg = Release|x64
		{BDA3BF24-550A-4BF9-83E5-0056134EED40}.Release|x64.Build.0 = Release|x64
		{BDA3BF24-550A-4BF9-83E5-0056134EED40}.Release|x86.ActiveCfg = Release|Win32
		{BDA3BF24-550A-4BF9-83E5-0056134EED40}.Release|x86.Build.0 = Release|Win32
		{BDA3BF24-550A-FFF9-83E5-7B56134EEE40}.Debug|x64.ActiveCfg = Debug|x64
		{BDA3BF24-550A-FFF9-83E5-7B56134EEE40}.Debug|x64.Build.0 = Debug|x64
		{BDA3BF24-550A-FFF9-83E5-7B56134EEE40}.Debug|x86.ActiveCfg = Debug|Win32
		{BDA3BF24-550A-FFF9-83E5-7B56134EEE40}.Debug|x86.Build.0 = Debug|Win32
		{BDA3BF24-550A-FFF9-83E5-7B56134EEE40}.Release|x64.ActiveCfg = Release|x64
		{BDA3BF24-550A-FFF9-83E5-7B56134EEE40}.Release|x64.Build.0 = Release|x64
		{BDA3BF24-550A-FFF9-83E5-7B56134EEE40}.Release|x86.ActiveCfg = Release|Win32
		{BDA3BF24-550A-FFF9-83E5-7B56134EEE40}.Release|x86.Build.0 = Release|Win32
		{9F6652AF-35F2-452E-A2D3-08D05F5C075E}.Debug|x64.ActiveCfg = Debug|x64
		{9F6652AF-35F2-452E-A2D3-08D05F5C075E}.Debug|x64.Build.0 = Debug|x64
		{9F6652AF-35F2-452E-A2D3-08D05F5C075E}.Debug|x86.ActiveCfg = Debug|Win32
		{9F6652AF-35F2-452E-A2D3-08D05F5C075E}.Debug|x86.Build.0 = Debug|Win32
		{9F6652AF-35F2-452E-A2D3-08D05F5C075E}.Release|x64.ActiveCfg = Release|x64
		{9F6652AF-35F2-452E-A2D3-08D05F5C075E}.Release|x64.Build.0 = Release|x64
		{9F6652AF-35F2-452E-A2D3-08D05F5C075E}.Release|x86.ActiveCfg = Release|Win32
		{9F6652AF-35F2-452E-A2D3-08D05F5C075E}.Release|x86.Build.0 = Release|Win32
		{31F0F25B-A84A-48AC-9716-5DF9137F3855}.Debug|x64.ActiveCfg = Debug|x64
		{31F0F25B-A84A-48AC-9716-5DF9137F3855}.Debug|x64.Build.0 = Debug|x64
		{31F0F25B-A84A-48AC-9716-5DF9137F3855}.Debug|x86.ActiveCfg = Debug|Win32
		{31F0F25B-A84A-48AC-9716-5DF9137F3855}.Debug|x86.Build.0 = Debug|Win32
		{31F0F25B-A84A-48AC-9716-5DF9137F3855}.Release|x64.ActiveCfg = Release|x64
		{31F0F25B-A84A-48AC-9716-5DF9137F3855}.Release|x64.Build.0 = Release|x64
		{31F0F25B-A84A-48AC-9716-5DF9137F3855}.Release|x86.ActiveCfg = Release|Win32
		{31F0F25B-A84A-48AC-9716-5DF9137F3855}.Release|x86.Build.0 = Release|Win32
		{15ECC029-90DE-4D1D-B00A-4A8E647D8C24}.Debug|x64.ActiveCfg = Debug|x64
		{15ECC029-90DE-4D1D-B00A-4A8E647D8C24}.Debug|x64.Build.0 = Debug|x64
		{15ECC029-90DE-4D1D-B00A-4A8E647D8C24}.Debug|x86.ActiveCfg = Debug|Win32
		{15ECC029-90DE-4D1D-B00A-4A8E647D8C24}.Debug|x86.Build.0 = Debug|Win32
		{15ECC029-90DE-4D1D-B00A-4A8E647D8C24}.Release|x64.ActiveCfg = Release|x64
		{15ECC029-90DE-4D1D-B00A-4A8E647D8C24}.Release|x64.Build.0 = Release|x64
		{15ECC029-90DE-4D1D-B00A-4A8E647D8C24}.Release|x86.ActiveCfg = Release|Win32
		{15ECC029-90DE-4D1D-B00A-4A8E647D8C24}.Release|x86.Build.0 = Release|Win32
		{4B01E59D-CC85-4B2E-B3A2-00F75856CB23}.Debug|x64.ActiveCfg = Debug|x64
		{4B01E59D-CC85-4B2E-B3A2-00F75856CB23}.Debug|x64.Build.0 = Debug|x64
		{4B01E59D-CC85-4B2E-B3A2-00F75856CB23}.Debug|x86.ActiveCfg = Debug|Win32
		{4B01E59D-CC85-4B2E-B3A2-00F75856CB23}.Debug|x86.Build.0 = Debug|Win32
		{4B01E59D-CC85-4B2E-B3A2-00F75856CB23}.Release|x64.ActiveCfg = Release|x64
		{4B01E59D-CC85-4B2E-B3A2-00F75856CB23}.Release|x64.Build.0 = Release|x64
		{4B01E59D-CC85-4B2E-B3A2-00F75856CB23}.Release|x86.ActiveCfg = Release|Win32
		{4B01E59D-CC85-4B2E-B3A2-00F75856CB23}.Release|x86.Build.0 = Release|Win32
		{A0DB36C9-CE6C-4F61-933C-E53A630D3C7E}.Debug|x64.ActiveCfg = Debug|x64
		{A0DB36C9-CE6C-4F61-933C-E53A630D3C7E}.Debug|x64.Build.0 = Debug|x64
		{A0DB36C9-CE6C-4F61-933C-E53A630D3C7E}.Debug|x86.ActiveCfg = Debug|Win32
		{A0DB36C9-CE6C-4F61-933C-E53A630D3C7E}.Debug|x86.Build.0 = Debug|Win32
		{A0DB36C9-CE6C-4F61-933C-E53A630D3C7E}.Release|x64.ActiveCfg = Release|x64
		{A0DB36C9-CE6C-4F61-933C-E53A630D3C7E}.Release|x64.Build.0 = Release|x64
		{A0DB36C9-CE6C-4F61-933C-E53A630D3C7E}.Release|x86.ActiveCfg = Release|Win32
		{A0DB36C9-CE6C-4F61-933C-E53A630D3C7E}.Release|x86.Build.0 = Release|Win32
		{BDA3BF24-550A-4BF9-83E5-0006134EED40}.Debug|x64.ActiveCfg = Debug|x64
		{BDA3BF24-550A-4BF9-83E5-0006134EED40}.Debug|x64.Build.0 = Debug|x64
		{BDA3BF24-550A-4BF9-83E5-0006134EED40}.Debug|x86.ActiveCfg = Debug|Win32
		{BDA3BF24-550A-4BF9-83E5-0006134EED40}.Debug|x86.Build.0 = Debug|Win32
		{BDA3BF24-550A-4BF9-83E5-0006134EED40}.Release|x64.ActiveCfg = Release|x64
		{BDA3BF24-550A-4BF9-83E5-0006134EED40}.Release|x64.Build.0 = Release|x64
		{BDA3BF24-550A-4BF9-83E5-0006134EED40}.Release|x86.ActiveCfg = Release|Win32
		{BDA3BF24-550A-4BF9-83E5-0006134EED40}.Release|x86.Build.0 = Release|Win32
		{BDA3BF24-5555-4BF9-83E5-7B56134EDD40}.Debug|x64.ActiveCfg = Debug|x64
		{BDA3BF24-5555-4BF9-83E5-7B56134EDD40}.Debug|x64.Build.0 = Debug|x64
		{BDA3BF24-5555-4BF9-83E5-7B56134EDD40}.Debug|x86.ActiveCfg = Debug|Win32
		{BDA3BF24-5555-4BF9-83E5-7B56134EDD40}.Debug|x86.Build.0 = Debug|Win32
		{BDA3BF24-5555-4BF9-83E5-7B56134EDD40}.Release|x64.ActiveCfg = Release|x64
		{BDA3BF24-5555-4BF9-83E5-7B56134EDD40}.Release|x64.Build.0 = Release|x64
		{BDA3BF24-5555-4BF9-83E5-7B56134EDD40}.Release|x86.ActiveCfg = Release|Win32
		{BDA3BF24-5555-4BF9-83E5-7B56134EDD40}.Release|x86.Build.0 = Release|Win32
		{920D08AC-452C-4326-BC6E-86FE65848587}.Debug|x64.ActiveCfg = Debug|x64
		{920D08AC-452C-4326-BC6E-86FE65848587}.Debug|x64.Build.0 = Debug|x64
		{920D08AC-452C-4326-BC6E-86FE65848587}.Debug|x86.ActiveCfg = Debug|Win32
		{920D08AC-452C-4326-BC6E-86FE65848587}.Debug|x86.Build.0 = Debug|Win32
		{920D08AC-452C-4326-BC6E-86FE65848587}.Release|x64.ActiveCfg = Release|x64
		{920D08AC-452C-4326-BC6E-86FE65848587}.Release|x64.Build.0 = Release|x64
		{920D08AC-452C-4326-BC6E-86FE65848587}.Release|x86.ActiveCfg = Release|Win32
		{920D08AC-452C-4326-BC6E-86FE65848587}.Release|x86.Build.0 = Release|Win32
		{BAEB9C48-562C-4D56-A6CD-18932265480A}.Debug|x64.ActiveCfg = Debug|x64
		{BAEB9C48-562C-4D56-A6CD-18932265480A}.Debug|x86.ActiveCfg = Debug|x86
		{BAEB9C48-562C-4D56-A6CD-18932265480A}.Release|x64.ActiveCfg = Release|x64
		{BAEB9C48-562C-4D56-A6CD-18932265480A}.Release|x86.ActiveCfg = Release|x86
		{E636BACA-795F-41CF-BC52-14C727BF014E}.Debug|x64.ActiveCfg = Debug|x64
		{E636BACA-795F-41CF-BC52-14C727BF014E}.Debug|x64.Build.0 = Debug|x64
		{E636BACA-795F-41CF-BC52-14C727BF014E}.Debug|x86.ActiveCfg = Debug|Win32
		{E636BACA-795F-41CF-BC52-14C727BF014E}.Debug|x86.Build.0 = Debug|Win32
		{E636BACA-795F-41CF-BC52-14C727BF014E}.Release|x64.ActiveCfg = Release|x64
		{E636BACA-795F-41CF-BC52-14C727BF014E}.Release|x64.Build.0 = Release|x64
		{E636BACA-795F-41CF-BC52-14C727BF014E}.Release|x86.ActiveCfg = Release|Win32
		{E636BACA-795F-41CF-BC52-14C727BF014E}.Release|x86.Build.0 = Release|Win32
		{72D595BB-8C52-449B-91DB-0E9F6AEABBBB}.Debug|x64.ActiveCfg = Debug|x64
		{72D595BB-8C52-449B-91DB-0E9F6AEABBBB}.Debug|x64.Build.0 = Debug|x64
		{72D595BB-8C52-449B-91DB-0E9F6AEABBBB}.Debug|x86.ActiveCfg = Debug|Win32
		{72D595BB-8C52-449B-91DB-0E9F6AEABBBB}.Debug|x86.Build.0 = Debug|Win32
		{72D595BB-8C52-449B-91DB-0E9F6AEABBBB}.Release|x64.ActiveCfg = Release|x64
		{72D595BB-8C52-449B-91DB-0E9F6AEABBBB}.Release|x64.Build.0 = Release|x64
		{72D595BB-8C52-449B-91DB-0E9F6AEABBBB}.Release|x86.ActiveCfg = Release|Win32
		{72D595BB-8C52-449B-91DB-0E9F6AEABBBB}.Release|x86.Build.0 = Release|Win32
		{D39A4248-3985-41DE-AFD5-AEC58D29291F}.Debug|x64.ActiveCfg = Debug|x64
		{D39A4248-3985-41DE-AFD5-AEC58D29291F}.Debug|x64.Build.0 = Debug|x64
		{D39A4248-3985-41DE-AFD5-AEC58D29291F}.Debug|x86.ActiveCfg = Debug|Win32
		{D39A4248-3985-41DE-AFD5-AEC58D29291F}.Debug|x86.Build.0 = Debug|Win32
		{D39A4248-3985-41DE-AFD5-AEC58D29291F}.Release|x64.ActiveCfg = Release|x64
		{D39A4248-3985-41DE-AFD5-AEC58D29291F}.Release|x64.Build.0 = Release|x64
		{D39A4248-3985-41DE-AFD5-AEC58D29291F}.Release|x86.ActiveCfg = Release|Win32
		{D39A4248-3985-41DE-AFD5-AEC58D29291F}.Release|x86.Build.0 = Release|Win32
		{1723CBBA-8EE7-439A-93FB-2E94B4DB2E63}.Debug|x64.ActiveCfg = Debug|x64
		{1723CBBA-8EE7-439A-93FB-2E94B4DB2E63}.Debug|x64.Build.0 = Debug|x64
		{1723CBBA-8EE7-439A-93FB-2E94B4DB2E63}.Debug|x86.ActiveCfg = Debug|Win32
		{1723CBBA-8EE7-439A-93FB-2E94B4DB2E63}.Debug|x86.Build.0 = Debug|Win32
		{1723CBBA-8EE7-439A-93FB-2E94B4DB2E63}.Release|x64.ActiveCfg = Release|x64
		{1723CBBA-8EE7-439A-93FB-2E94B4DB2E63}.Release|x64.Build.0 = Release|x64
		{1723CBBA-8EE7-439A-93FB-2E94B4DB2E63}.Release|x86.ActiveCfg = Release|Win32
		{1723CBBA-8EE7-439A-93FB-2E94B4DB2E63}.Release|x86.Build.0 = Release|Win32
		{D5709FB9-909D-415F-8F86-2F25BEF6CE23}.Debug|x64.ActiveCfg = Debug|x64
		{D5709FB9-909D-415F-8F86-2F25BEF6CE23}.Debug|x64.Build.0 = Debug|x64
		{D5709FB9-909D-415F-8F86-2F25BEF6CE23}.Debug|x86.ActiveCfg = Debug|Win32
		{D5709FB9-909D-415F-8F86-2F25BEF6CE23}.Debug|x86.Build.0 = Debug|Win32
		{D5709FB9-909D-415F-8F86-2F25BEF6CE23}.Release|x64.ActiveCfg = Release|x64
		{D5709FB9-909D-415F-8F86-2F25BEF6CE23}.Release|x64.Build.0 = Release|x64
		{D5709FB9-909D-415F-8F86-2F25BEF6CE23}.Release|x86.ActiveCfg = Release|Win32
		{D5709FB9-909D-415F-8F86-2F25BEF6CE23}.Release|x86.Build.0 = Release|Win32
		{5B74F010-8B79-46B5-B906-C2B56CDB3386}.Debug|x64.ActiveCfg = Debug|x64
		{5B74F010-8B79-46B5-B906-C2B56CDB3386}.Debug|x64.Build.0 = Debug|x64
		{5B74F010-8B79-46B5-B906-C2B56CDB3386}.Debug|x86.ActiveCfg = Debug|Win32
		{5B74F010-8B79-46B5-B906-C2B56CDB3386}.Debug|x86.Build.0 = Debug|Win32
		{5B74F010-8B79-46B5-B906-C2B56CDB3386}.Release|x64.ActiveCfg = Release|x64
		{5B74F010-8B79-46B5-B906-C2B56CDB3386}.Release|x64.Build.0 = Release|x64
		{5B74F010-8B79-46B5-B906-C2B56CDB3386}.Release|x86.ActiveCfg = Release|Win32
		{5B74F010-8B79-46B5-B906-C2B56CDB3386}.Release|x86.Build.0 = Release|Win32
	EndGlobalSection
	GlobalSection(SolutionProperties) = preSolution
		HideSolutionNode = FALSE
	EndGlobalSection
	GlobalSection(NestedProjects) = preSolution
		{BDA3BF24-550A-4BF9-83E5-7B56134EDD40} = {EA8ECD36-D9CB-4860-97A7-2D85E7111E6B}
		{BDA3BF24-550A-4BF9-83E5-7B56134EED40} = {EA8ECD36-D9CB-4860-97A7-2D85E7111E6B}
		{BDA3BF24-550A-FFF9-83E5-7B56134EEE40} = {EA8ECD36-D9CB-4860-97A7-2D85E7111E6B}
		{4B01E59D-CC85-4B2E-B3A2-00F75856CB23} = {EA8ECD36-D9CB-4860-97A7-2D85E7111E6B}
		{A0DB36C9-CE6C-4F61-933C-E53A630D3C7E} = {EA8ECD36-D9CB-4860-97A7-2D85E7111E6B}
		{BDA3BF24-550A-4BF9-83E5-0006134EED40} = {EA8ECD36-D9CB-4860-97A7-2D85E7111E6B}
		{BDA3BF24-5555-4BF9-83E5-7B56134EDD40} = {EA8ECD36-D9CB-4860-97A7-2D85E7111E6B}
		{920D08AC-452C-4326-BC6E-86FE65848587} = {EA8ECD36-D9CB-4860-97A7-2D85E7111E6B}
		{B7DE6235-086E-42C6-B5AC-2DC795388ED9} = {238D091D-1A85-4A61-9DCD-483768C51804}
		{9F6652AF-35F2-452E-A2D3-08D05F5C075E} = {238D091D-1A85-4A61-9DCD-483768C51804}
		{31F0F25B-A84A-48AC-9716-5DF9137F3855} = {238D091D-1A85-4A61-9DCD-483768C51804}
		{15ECC029-90DE-4D1D-B00A-4A8E647D8C24} = {238D091D-1A85-4A61-9DCD-483768C51804}
		{E636BACA-795F-41CF-BC52-14C727BF014E} = {238D091D-1A85-4A61-9DCD-483768C51804}
		{5B74F010-8B79-46B5-B906-C2B56CDB3386} = {238D091D-1A85-4A61-9DCD-483768C51804}
		{BDA3BF24-550A-4BF9-83E5-0056134EED40} = {20285393-1DB1-4300-8AD3-30AEAE3C5DA6}
		{D39A4248-3985-41DE-AFD5-AEC58D29291F} = {20285393-1DB1-4300-8AD3-30AEAE3C5DA6}
		{D5709FB9-909D-415F-8F86-2F25BEF6CE23} = {20285393-1DB1-4300-8AD3-30AEAE3C5DA6}
		{1723CBBA-8EE7-439A-93FB-2E94B4DB2E63} = {9FCEE1ED-B0D9-46D7-A014-98FBDD0EF6A9}
	EndGlobalSection
EndGlobal
